// !$*UTF8*$!
{
	archiveVersion = 1;
	classes = {
	};
	objectVersion = 55;
	objects = {

/* Begin PBXBuildFile section */
		BE1C39D928C7C34D0051785F /* AppDelegate.swift in Sources */ = {isa = PBXBuildFile; fileRef = BE1C39D828C7C34D0051785F /* AppDelegate.swift */; };
		BE1C39DB28C7C34D0051785F /* SceneDelegate.swift in Sources */ = {isa = PBXBuildFile; fileRef = BE1C39DA28C7C34D0051785F /* SceneDelegate.swift */; };
		BE1C39DD28C7C34D0051785F /* ViewController.swift in Sources */ = {isa = PBXBuildFile; fileRef = BE1C39DC28C7C34D0051785F /* ViewController.swift */; };
		BE1C39E028C7C34D0051785F /* Main.storyboard in Resources */ = {isa = PBXBuildFile; fileRef = BE1C39DE28C7C34D0051785F /* Main.storyboard */; };
		BE1C39E228C7C34F0051785F /* Assets.xcassets in Resources */ = {isa = PBXBuildFile; fileRef = BE1C39E128C7C34F0051785F /* Assets.xcassets */; };
		BE1C39E528C7C34F0051785F /* LaunchScreen.storyboard in Resources */ = {isa = PBXBuildFile; fileRef = BE1C39E328C7C34F0051785F /* LaunchScreen.storyboard */; };
		BE1C39EE28C7C4270051785F /* RxCocoa in Frameworks */ = {isa = PBXBuildFile; productRef = BE1C39ED28C7C4270051785F /* RxCocoa */; };
		BE1C39F028C7C4270051785F /* RxRelay in Frameworks */ = {isa = PBXBuildFile; productRef = BE1C39EF28C7C4270051785F /* RxRelay */; };
		BE1C39F228C7C4270051785F /* RxSwift in Frameworks */ = {isa = PBXBuildFile; productRef = BE1C39F128C7C4270051785F /* RxSwift */; };
		BE1C39F828C7C5A70051785F /* SDWebImage in Frameworks */ = {isa = PBXBuildFile; productRef = BE1C39F728C7C5A70051785F /* SDWebImage */; };
		BE1C3A0628C7F6720051785F /* HomePageRepo.swift in Sources */ = {isa = PBXBuildFile; fileRef = BE1C39FC28C7F6720051785F /* HomePageRepo.swift */; };
		BE1C3A0728C7F6720051785F /* MovieModel.swift in Sources */ = {isa = PBXBuildFile; fileRef = BE1C39FE28C7F6720051785F /* MovieModel.swift */; };
		BE1C3A0828C7F6720051785F /* HomePageViewModel.swift in Sources */ = {isa = PBXBuildFile; fileRef = BE1C3A0028C7F6720051785F /* HomePageViewModel.swift */; };
		BE1C3A0928C7F6720051785F /* Constants.swift in Sources */ = {isa = PBXBuildFile; fileRef = BE1C3A0228C7F6720051785F /* Constants.swift */; };
		BE1C3A0A28C7F6720051785F /* EndPoints.swift in Sources */ = {isa = PBXBuildFile; fileRef = BE1C3A0328C7F6720051785F /* EndPoints.swift */; };
		BE1C3A0B28C7F6720051785F /* ErrorCase.swift in Sources */ = {isa = PBXBuildFile; fileRef = BE1C3A0428C7F6720051785F /* ErrorCase.swift */; };
		BE1C3A0C28C7F6720051785F /* Debounce.swift in Sources */ = {isa = PBXBuildFile; fileRef = BE1C3A0528C7F6720051785F /* Debounce.swift */; };
		BE1C3A0F28C7F8500051785F /* CombineMoya in Frameworks */ = {isa = PBXBuildFile; productRef = BE1C3A0E28C7F8500051785F /* CombineMoya */; };
		BE1C3A1128C7F8500051785F /* Moya in Frameworks */ = {isa = PBXBuildFile; productRef = BE1C3A1028C7F8500051785F /* Moya */; };
		BE1C3A1328C7F8500051785F /* ReactiveMoya in Frameworks */ = {isa = PBXBuildFile; productRef = BE1C3A1228C7F8500051785F /* ReactiveMoya */; };
		BE1C3A1528C7F8500051785F /* RxMoya in Frameworks */ = {isa = PBXBuildFile; productRef = BE1C3A1428C7F8500051785F /* RxMoya */; };
		BED698A528D508B200E1440A /* TableViewCell.swift in Sources */ = {isa = PBXBuildFile; fileRef = BED698A328D508B200E1440A /* TableViewCell.swift */; };
		BED698A628D508B200E1440A /* TableViewCell.xib in Resources */ = {isa = PBXBuildFile; fileRef = BED698A428D508B200E1440A /* TableViewCell.xib */; };
/* End PBXBuildFile section */

/* Begin PBXFileReference section */
		BE1C39D528C7C34D0051785F /* Movie-App-UIKit-MVVM-RxSwift.app */ = {isa = PBXFileReference; explicitFileType = wrapper.application; includeInIndex = 0; path = "Movie-App-UIKit-MVVM-RxSwift.app"; sourceTree = BUILT_PRODUCTS_DIR; };
		BE1C39D828C7C34D0051785F /* AppDelegate.swift */ = {isa = PBXFileReference; lastKnownFileType = sourcecode.swift; path = AppDelegate.swift; sourceTree = "<group>"; };
		BE1C39DA28C7C34D0051785F /* SceneDelegate.swift */ = {isa = PBXFileReference; lastKnownFileType = sourcecode.swift; path = SceneDelegate.swift; sourceTree = "<group>"; };
		BE1C39DC28C7C34D0051785F /* ViewController.swift */ = {isa = PBXFileReference; lastKnownFileType = sourcecode.swift; path = ViewController.swift; sourceTree = "<group>"; };
		BE1C39DF28C7C34D0051785F /* Base */ = {isa = PBXFileReference; lastKnownFileType = file.storyboard; name = Base; path = Base.lproj/Main.storyboard; sourceTree = "<group>"; };
		BE1C39E128C7C34F0051785F /* Assets.xcassets */ = {isa = PBXFileReference; lastKnownFileType = folder.assetcatalog; path = Assets.xcassets; sourceTree = "<group>"; };
		BE1C39E428C7C34F0051785F /* Base */ = {isa = PBXFileReference; lastKnownFileType = file.storyboard; name = Base; path = Base.lproj/LaunchScreen.storyboard; sourceTree = "<group>"; };
		BE1C39E628C7C34F0051785F /* Info.plist */ = {isa = PBXFileReference; lastKnownFileType = text.plist.xml; path = Info.plist; sourceTree = "<group>"; };
		BE1C39FC28C7F6720051785F /* HomePageRepo.swift */ = {isa = PBXFileReference; fileEncoding = 4; lastKnownFileType = sourcecode.swift; path = HomePageRepo.swift; sourceTree = "<group>"; };
		BE1C39FE28C7F6720051785F /* MovieModel.swift */ = {isa = PBXFileReference; fileEncoding = 4; lastKnownFileType = sourcecode.swift; path = MovieModel.swift; sourceTree = "<group>"; };
		BE1C3A0028C7F6720051785F /* HomePageViewModel.swift */ = {isa = PBXFileReference; fileEncoding = 4; lastKnownFileType = sourcecode.swift; path = HomePageViewModel.swift; sourceTree = "<group>"; };
		BE1C3A0228C7F6720051785F /* Constants.swift */ = {isa = PBXFileReference; fileEncoding = 4; lastKnownFileType = sourcecode.swift; path = Constants.swift; sourceTree = "<group>"; };
		BE1C3A0328C7F6720051785F /* EndPoints.swift */ = {isa = PBXFileReference; fileEncoding = 4; lastKnownFileType = sourcecode.swift; path = EndPoints.swift; sourceTree = "<group>"; };
		BE1C3A0428C7F6720051785F /* ErrorCase.swift */ = {isa = PBXFileReference; fileEncoding = 4; lastKnownFileType = sourcecode.swift; path = ErrorCase.swift; sourceTree = "<group>"; };
		BE1C3A0528C7F6720051785F /* Debounce.swift */ = {isa = PBXFileReference; fileEncoding = 4; lastKnownFileType = sourcecode.swift; path = Debounce.swift; sourceTree = "<group>"; };
		BED698A328D508B200E1440A /* TableViewCell.swift */ = {isa = PBXFileReference; lastKnownFileType = sourcecode.swift; path = TableViewCell.swift; sourceTree = "<group>"; };
		BED698A428D508B200E1440A /* TableViewCell.xib */ = {isa = PBXFileReference; lastKnownFileType = file.xib; path = TableViewCell.xib; sourceTree = "<group>"; };
/* End PBXFileReference section */

/* Begin PBXFrameworksBuildPhase section */
		BE1C39D228C7C34D0051785F /* Frameworks */ = {
			isa = PBXFrameworksBuildPhase;
			buildActionMask = 2147483647;
			files = (
				BE1C3A1328C7F8500051785F /* ReactiveMoya in Frameworks */,
				BE1C39F228C7C4270051785F /* RxSwift in Frameworks */,
				BE1C39F028C7C4270051785F /* RxRelay in Frameworks */,
				BE1C3A1128C7F8500051785F /* Moya in Frameworks */,
				BE1C39F828C7C5A70051785F /* SDWebImage in Frameworks */,
				BE1C3A0F28C7F8500051785F /* CombineMoya in Frameworks */,
				BE1C3A1528C7F8500051785F /* RxMoya in Frameworks */,
				BE1C39EE28C7C4270051785F /* RxCocoa in Frameworks */,
			);
			runOnlyForDeploymentPostprocessing = 0;
		};
/* End PBXFrameworksBuildPhase section */

/* Begin PBXGroup section */
		BE1C39CC28C7C34D0051785F = {
			isa = PBXGroup;
			children = (
				BE1C39D728C7C34D0051785F /* Movie-App-UIKit-MVVM-RxSwift */,
				BE1C39D628C7C34D0051785F /* Products */,
			);
			sourceTree = "<group>";
		};
		BE1C39D628C7C34D0051785F /* Products */ = {
			isa = PBXGroup;
			children = (
				BE1C39D528C7C34D0051785F /* Movie-App-UIKit-MVVM-RxSwift.app */,
			);
			name = Products;
			sourceTree = "<group>";
		};
		BE1C39D728C7C34D0051785F /* Movie-App-UIKit-MVVM-RxSwift */ = {
			isa = PBXGroup;
			children = (
				BE1C3A0128C7F6720051785F /* Helpers */,
				BE1C39FD28C7F6720051785F /* Models */,
				BE1C39FB28C7F6720051785F /* Repos */,
				BE1C39FF28C7F6720051785F /* ViewModels */,
				BE1C39F928C7F4B10051785F /* ViewController */,
				BE1C39D828C7C34D0051785F /* AppDelegate.swift */,
				BE1C39DA28C7C34D0051785F /* SceneDelegate.swift */,
				BE1C39DE28C7C34D0051785F /* Main.storyboard */,
				BE1C39E128C7C34F0051785F /* Assets.xcassets */,
				BE1C39E328C7C34F0051785F /* LaunchScreen.storyboard */,
				BE1C39E628C7C34F0051785F /* Info.plist */,
			);
			path = "Movie-App-UIKit-MVVM-RxSwift";
			sourceTree = "<group>";
		};
		BE1C39F928C7F4B10051785F /* ViewController */ = {
			isa = PBXGroup;
			children = (
				BE1C39DC28C7C34D0051785F /* ViewController.swift */,
				BED698A328D508B200E1440A /* TableViewCell.swift */,
				BED698A428D508B200E1440A /* TableViewCell.xib */,
			);
			path = ViewController;
			sourceTree = "<group>";
		};
		BE1C39FB28C7F6720051785F /* Repos */ = {
			isa = PBXGroup;
			children = (
				BE1C39FC28C7F6720051785F /* HomePageRepo.swift */,
			);
			path = Repos;
			sourceTree = "<group>";
		};
		BE1C39FD28C7F6720051785F /* Models */ = {
			isa = PBXGroup;
			children = (
				BE1C39FE28C7F6720051785F /* MovieModel.swift */,
			);
			path = Models;
			sourceTree = "<group>";
		};
		BE1C39FF28C7F6720051785F /* ViewModels */ = {
			isa = PBXGroup;
			children = (
				BE1C3A0028C7F6720051785F /* HomePageViewModel.swift */,
			);
			path = ViewModels;
			sourceTree = "<group>";
		};
		BE1C3A0128C7F6720051785F /* Helpers */ = {
			isa = PBXGroup;
			children = (
				BE1C3A0228C7F6720051785F /* Constants.swift */,
				BE1C3A0328C7F6720051785F /* EndPoints.swift */,
				BE1C3A0428C7F6720051785F /* ErrorCase.swift */,
				BE1C3A0528C7F6720051785F /* Debounce.swift */,
			);
			path = Helpers;
			sourceTree = "<group>";
		};
/* End PBXGroup section */

/* Begin PBXNativeTarget section */
		BE1C39D428C7C34D0051785F /* Movie-App-UIKit-MVVM-RxSwift */ = {
			isa = PBXNativeTarget;
			buildConfigurationList = BE1C39E928C7C34F0051785F /* Build configuration list for PBXNativeTarget "Movie-App-UIKit-MVVM-RxSwift" */;
			buildPhases = (
				BE1C39D128C7C34D0051785F /* Sources */,
				BE1C39D228C7C34D0051785F /* Frameworks */,
				BE1C39D328C7C34D0051785F /* Resources */,
			);
			buildRules = (
			);
			dependencies = (
			);
			name = "Movie-App-UIKit-MVVM-RxSwift";
			packageProductDependencies = (
				BE1C39ED28C7C4270051785F /* RxCocoa */,
				BE1C39EF28C7C4270051785F /* RxRelay */,
				BE1C39F128C7C4270051785F /* RxSwift */,
				BE1C39F728C7C5A70051785F /* SDWebImage */,
				BE1C3A0E28C7F8500051785F /* CombineMoya */,
				BE1C3A1028C7F8500051785F /* Moya */,
				BE1C3A1228C7F8500051785F /* ReactiveMoya */,
				BE1C3A1428C7F8500051785F /* RxMoya */,
			);
			productName = "Movie-App-UIKit-MVVM-RxSwift";
			productReference = BE1C39D528C7C34D0051785F /* Movie-App-UIKit-MVVM-RxSwift.app */;
			productType = "com.apple.product-type.application";
		};
/* End PBXNativeTarget section */

/* Begin PBXProject section */
		BE1C39CD28C7C34D0051785F /* Project object */ = {
			isa = PBXProject;
			attributes = {
				BuildIndependentTargetsInParallel = 1;
				LastSwiftUpdateCheck = 1320;
				LastUpgradeCheck = 1320;
				TargetAttributes = {
					BE1C39D428C7C34D0051785F = {
						CreatedOnToolsVersion = 13.2.1;
					};
				};
			};
			buildConfigurationList = BE1C39D028C7C34D0051785F /* Build configuration list for PBXProject "Movie-App-UIKit-MVVM-RxSwift" */;
			compatibilityVersion = "Xcode 13.0";
			developmentRegion = en;
			hasScannedForEncodings = 0;
			knownRegions = (
				en,
				Base,
			);
			mainGroup = BE1C39CC28C7C34D0051785F;
			packageReferences = (
				BE1C39EC28C7C4270051785F /* XCRemoteSwiftPackageReference "RxSwift" */,
				BE1C39F628C7C5A70051785F /* XCRemoteSwiftPackageReference "SDWebImage" */,
				BE1C3A0D28C7F84F0051785F /* XCRemoteSwiftPackageReference "Moya" */,
			);
			productRefGroup = BE1C39D628C7C34D0051785F /* Products */;
			projectDirPath = "";
			projectRoot = "";
			targets = (
				BE1C39D428C7C34D0051785F /* Movie-App-UIKit-MVVM-RxSwift */,
			);
		};
/* End PBXProject section */

/* Begin PBXResourcesBuildPhase section */
		BE1C39D328C7C34D0051785F /* Resources */ = {
			isa = PBXResourcesBuildPhase;
			buildActionMask = 2147483647;
			files = (
				BE1C39E528C7C34F0051785F /* LaunchScreen.storyboard in Resources */,
				BED698A628D508B200E1440A /* TableViewCell.xib in Resources */,
				BE1C39E228C7C34F0051785F /* Assets.xcassets in Resources */,
				BE1C39E028C7C34D0051785F /* Main.storyboard in Resources */,
			);
			runOnlyForDeploymentPostprocessing = 0;
		};
/* End PBXResourcesBuildPhase section */

/* Begin PBXSourcesBuildPhase section */
		BE1C39D128C7C34D0051785F /* Sources */ = {
			isa = PBXSourcesBuildPhase;
			buildActionMask = 2147483647;
			files = (
				BE1C39DD28C7C34D0051785F /* ViewController.swift in Sources */,
				BE1C3A0628C7F6720051785F /* HomePageRepo.swift in Sources */,
				BE1C3A0828C7F6720051785F /* HomePageViewModel.swift in Sources */,
				BE1C3A0728C7F6720051785F /* MovieModel.swift in Sources */,
				BE1C3A0C28C7F6720051785F /* Debounce.swift in Sources */,
				BE1C3A0928C7F6720051785F /* Constants.swift in Sources */,
				BED698A528D508B200E1440A /* TableViewCell.swift in Sources */,
				BE1C39D928C7C34D0051785F /* AppDelegate.swift in Sources */,
				BE1C3A0A28C7F6720051785F /* EndPoints.swift in Sources */,
				BE1C39DB28C7C34D0051785F /* SceneDelegate.swift in Sources */,
				BE1C3A0B28C7F6720051785F /* ErrorCase.swift in Sources */,
			);
			runOnlyForDeploymentPostprocessing = 0;
		};
/* End PBXSourcesBuildPhase section */

/* Begin PBXVariantGroup section */
		BE1C39DE28C7C34D0051785F /* Main.storyboard */ = {
			isa = PBXVariantGroup;
			children = (
				BE1C39DF28C7C34D0051785F /* Base */,
			);
			name = Main.storyboard;
			sourceTree = "<group>";
		};
		BE1C39E328C7C34F0051785F /* LaunchScreen.storyboard */ = {
			isa = PBXVariantGroup;
			children = (
				BE1C39E428C7C34F0051785F /* Base */,
			);
			name = LaunchScreen.storyboard;
			sourceTree = "<group>";
		};
/* End PBXVariantGroup section */

/* Begin XCBuildConfiguration section */
		BE1C39E728C7C34F0051785F /* Debug */ = {
			isa = XCBuildConfiguration;
			buildSettings = {
				ALWAYS_SEARCH_USER_PATHS = NO;
				CLANG_ANALYZER_NONNULL = YES;
				CLANG_ANALYZER_NUMBER_OBJECT_CONVERSION = YES_AGGRESSIVE;
				CLANG_CXX_LANGUAGE_STANDARD = "gnu++17";
				CLANG_CXX_LIBRARY = "libc++";
				CLANG_ENABLE_MODULES = YES;
				CLANG_ENABLE_OBJC_ARC = YES;
				CLANG_ENABLE_OBJC_WEAK = YES;
				CLANG_WARN_BLOCK_CAPTURE_AUTORELEASING = YES;
				CLANG_WARN_BOOL_CONVERSION = YES;
				CLANG_WARN_COMMA = YES;
				CLANG_WARN_CONSTANT_CONVERSION = YES;
				CLANG_WARN_DEPRECATED_OBJC_IMPLEMENTATIONS = YES;
				CLANG_WARN_DIRECT_OBJC_ISA_USAGE = YES_ERROR;
				CLANG_WARN_DOCUMENTATION_COMMENTS = YES;
				CLANG_WARN_EMPTY_BODY = YES;
				CLANG_WARN_ENUM_CONVERSION = YES;
				CLANG_WARN_INFINITE_RECURSION = YES;
				CLANG_WARN_INT_CONVERSION = YES;
				CLANG_WARN_NON_LITERAL_NULL_CONVERSION = YES;
				CLANG_WARN_OBJC_IMPLICIT_RETAIN_SELF = YES;
				CLANG_WARN_OBJC_LITERAL_CONVERSION = YES;
				CLANG_WARN_OBJC_ROOT_CLASS = YES_ERROR;
				CLANG_WARN_QUOTED_INCLUDE_IN_FRAMEWORK_HEADER = YES;
				CLANG_WARN_RANGE_LOOP_ANALYSIS = YES;
				CLANG_WARN_STRICT_PROTOTYPES = YES;
				CLANG_WARN_SUSPICIOUS_MOVE = YES;
				CLANG_WARN_UNGUARDED_AVAILABILITY = YES_AGGRESSIVE;
				CLANG_WARN_UNREACHABLE_CODE = YES;
				CLANG_WARN__DUPLICATE_METHOD_MATCH = YES;
				COPY_PHASE_STRIP = NO;
				DEBUG_INFORMATION_FORMAT = dwarf;
				ENABLE_STRICT_OBJC_MSGSEND = YES;
				ENABLE_TESTABILITY = YES;
				GCC_C_LANGUAGE_STANDARD = gnu11;
				GCC_DYNAMIC_NO_PIC = NO;
				GCC_NO_COMMON_BLOCKS = YES;
				GCC_OPTIMIZATION_LEVEL = 0;
				GCC_PREPROCESSOR_DEFINITIONS = (
					"DEBUG=1",
					"$(inherited)",
				);
				GCC_WARN_64_TO_32_BIT_CONVERSION = YES;
				GCC_WARN_ABOUT_RETURN_TYPE = YES_ERROR;
				GCC_WARN_UNDECLARED_SELECTOR = YES;
				GCC_WARN_UNINITIALIZED_AUTOS = YES_AGGRESSIVE;
				GCC_WARN_UNUSED_FUNCTION = YES;
				GCC_WARN_UNUSED_VARIABLE = YES;
				IPHONEOS_DEPLOYMENT_TARGET = 15.2;
				MTL_ENABLE_DEBUG_INFO = INCLUDE_SOURCE;
				MTL_FAST_MATH = YES;
				ONLY_ACTIVE_ARCH = YES;
				SDKROOT = iphoneos;
				SWIFT_ACTIVE_COMPILATION_CONDITIONS = DEBUG;
				SWIFT_OPTIMIZATION_LEVEL = "-Onone";
			};
			name = Debug;
		};
		BE1C39E828C7C34F0051785F /* Release */ = {
			isa = XCBuildConfiguration;
			buildSettings = {
				ALWAYS_SEARCH_USER_PATHS = NO;
				CLANG_ANALYZER_NONNULL = YES;
				CLANG_ANALYZER_NUMBER_OBJECT_CONVERSION = YES_AGGRESSIVE;
				CLANG_CXX_LANGUAGE_STANDARD = "gnu++17";
				CLANG_CXX_LIBRARY = "libc++";
				CLANG_ENABLE_MODULES = YES;
				CLANG_ENABLE_OBJC_ARC = YES;
				CLANG_ENABLE_OBJC_WEAK = YES;
				CLANG_WARN_BLOCK_CAPTURE_AUTORELEASING = YES;
				CLANG_WARN_BOOL_CONVERSION = YES;
				CLANG_WARN_COMMA = YES;
				CLANG_WARN_CONSTANT_CONVERSION = YES;
				CLANG_WARN_DEPRECATED_OBJC_IMPLEMENTATIONS = YES;
				CLANG_WARN_DIRECT_OBJC_ISA_USAGE = YES_ERROR;
				CLANG_WARN_DOCUMENTATION_COMMENTS = YES;
				CLANG_WARN_EMPTY_BODY = YES;
				CLANG_WARN_ENUM_CONVERSION = YES;
				CLANG_WARN_INFINITE_RECURSION = YES;
				CLANG_WARN_INT_CONVERSION = YES;
				CLANG_WARN_NON_LITERAL_NULL_CONVERSION = YES;
				CLANG_WARN_OBJC_IMPLICIT_RETAIN_SELF = YES;
				CLANG_WARN_OBJC_LITERAL_CONVERSION = YES;
				CLANG_WARN_OBJC_ROOT_CLASS = YES_ERROR;
				CLANG_WARN_QUOTED_INCLUDE_IN_FRAMEWORK_HEADER = YES;
				CLANG_WARN_RANGE_LOOP_ANALYSIS = YES;
				CLANG_WARN_STRICT_PROTOTYPES = YES;
				CLANG_WARN_SUSPICIOUS_MOVE = YES;
				CLANG_WARN_UNGUARDED_AVAILABILITY = YES_AGGRESSIVE;
				CLANG_WARN_UNREACHABLE_CODE = YES;
				CLANG_WARN__DUPLICATE_METHOD_MATCH = YES;
				COPY_PHASE_STRIP = NO;
				DEBUG_INFORMATION_FORMAT = "dwarf-with-dsym";
				ENABLE_NS_ASSERTIONS = NO;
				ENABLE_STRICT_OBJC_MSGSEND = YES;
				GCC_C_LANGUAGE_STANDARD = gnu11;
				GCC_NO_COMMON_BLOCKS = YES;
				GCC_WARN_64_TO_32_BIT_CONVERSION = YES;
				GCC_WARN_ABOUT_RETURN_TYPE = YES_ERROR;
				GCC_WARN_UNDECLARED_SELECTOR = YES;
				GCC_WARN_UNINITIALIZED_AUTOS = YES_AGGRESSIVE;
				GCC_WARN_UNUSED_FUNCTION = YES;
				GCC_WARN_UNUSED_VARIABLE = YES;
				IPHONEOS_DEPLOYMENT_TARGET = 15.2;
				MTL_ENABLE_DEBUG_INFO = NO;
				MTL_FAST_MATH = YES;
				SDKROOT = iphoneos;
				SWIFT_COMPILATION_MODE = wholemodule;
				SWIFT_OPTIMIZATION_LEVEL = "-O";
				VALIDATE_PRODUCT = YES;
			};
			name = Release;
		};
		BE1C39EA28C7C34F0051785F /* Debug */ = {
			isa = XCBuildConfiguration;
			buildSettings = {
				ASSETCATALOG_COMPILER_APPICON_NAME = AppIcon;
				ASSETCATALOG_COMPILER_GLOBAL_ACCENT_COLOR_NAME = AccentColor;
				CODE_SIGN_STYLE = Automatic;
				CURRENT_PROJECT_VERSION = 1;
				DEVELOPMENT_TEAM = ZZKQTW5FS3;
				GENERATE_INFOPLIST_FILE = YES;
				INFOPLIST_FILE = "Movie-App-UIKit-MVVM-RxSwift/Info.plist";
				INFOPLIST_KEY_UIApplicationSupportsIndirectInputEvents = YES;
				INFOPLIST_KEY_UILaunchStoryboardName = LaunchScreen;
				INFOPLIST_KEY_UIMainStoryboardFile = Main;
				INFOPLIST_KEY_UISupportedInterfaceOrientations_iPad = "UIInterfaceOrientationPortrait UIInterfaceOrientationPortraitUpsideDown UIInterfaceOrientationLandscapeLeft UIInterfaceOrientationLandscapeRight";
				INFOPLIST_KEY_UISupportedInterfaceOrientations_iPhone = "UIInterfaceOrientationPortrait UIInterfaceOrientationLandscapeLeft UIInterfaceOrientationLandscapeRight";
				LD_RUNPATH_SEARCH_PATHS = (
					"$(inherited)",
					"@executable_path/Frameworks",
				);
				MARKETING_VERSION = 1.0;
				PRODUCT_BUNDLE_IDENTIFIER = "com.usif.Movie-App-UIKit-MVVM-RxSwift";
				PRODUCT_NAME = "$(TARGET_NAME)";
				SWIFT_EMIT_LOC_STRINGS = YES;
				SWIFT_VERSION = 5.0;
				TARGETED_DEVICE_FAMILY = "1,2";
			};
			name = Debug;
		};
		BE1C39EB28C7C34F0051785F /* Release */ = {
			isa = XCBuildConfiguration;
			buildSettings = {
				ASSETCATALOG_COMPILER_APPICON_NAME = AppIcon;
				ASSETCATALOG_COMPILER_GLOBAL_ACCENT_COLOR_NAME = AccentColor;
				CODE_SIGN_STYLE = Automatic;
				CURRENT_PROJECT_VERSION = 1;
				DEVELOPMENT_TEAM = ZZKQTW5FS3;
				GENERATE_INFOPLIST_FILE = YES;
				INFOPLIST_FILE = "Movie-App-UIKit-MVVM-RxSwift/Info.plist";
				INFOPLIST_KEY_UIApplicationSupportsIndirectInputEvents = YES;
				INFOPLIST_KEY_UILaunchStoryboardName = LaunchScreen;
				INFOPLIST_KEY_UIMainStoryboardFile = Main;
				INFOPLIST_KEY_UISupportedInterfaceOrientations_iPad = "UIInterfaceOrientationPortrait UIInterfaceOrientationPortraitUpsideDown UIInterfaceOrientationLandscapeLeft UIInterfaceOrientationLandscapeRight";
				INFOPLIST_KEY_UISupportedInterfaceOrientations_iPhone = "UIInterfaceOrientationPortrait UIInterfaceOrientationLandscapeLeft UIInterfaceOrientationLandscapeRight";
				LD_RUNPATH_SEARCH_PATHS = (
					"$(inherited)",
					"@executable_path/Frameworks",
				);
				MARKETING_VERSION = 1.0;
				PRODUCT_BUNDLE_IDENTIFIER = "com.usif.Movie-App-UIKit-MVVM-RxSwift";
				PRODUCT_NAME = "$(TARGET_NAME)";
				SWIFT_EMIT_LOC_STRINGS = YES;
				SWIFT_VERSION = 5.0;
				TARGETED_DEVICE_FAMILY = "1,2";
			};
			name = Release;
		};
/* End XCBuildConfiguration section */

/* Begin XCConfigurationList section */
		BE1C39D028C7C34D0051785F /* Build configuration list for PBXProject "Movie-App-UIKit-MVVM-RxSwift" */ = {
			isa = XCConfigurationList;
			buildConfigurations = (
				BE1C39E728C7C34F0051785F /* Debug */,
				BE1C39E828C7C34F0051785F /* Release */,
			);
			defaultConfigurationIsVisible = 0;
			defaultConfigurationName = Release;
		};
		BE1C39E928C7C34F0051785F /* Build configuration list for PBXNativeTarget "Movie-App-UIKit-MVVM-RxSwift" */ = {
			isa = XCConfigurationList;
			buildConfigurations = (
				BE1C39EA28C7C34F0051785F /* Debug */,
				BE1C39EB28C7C34F0051785F /* Release */,
			);
			defaultConfigurationIsVisible = 0;
			defaultConfigurationName = Release;
		};
/* End XCConfigurationList section */

/* Begin XCRemoteSwiftPackageReference section */
		BE1C39EC28C7C4270051785F /* XCRemoteSwiftPackageReference "RxSwift" */ = {
			isa = XCRemoteSwiftPackageReference;
			repositoryURL = "https://github.com/ReactiveX/RxSwift";
			requirement = {
				branch = main;
				kind = branch;
			};
		};
		BE1C39F628C7C5A70051785F /* XCRemoteSwiftPackageReference "SDWebImage" */ = {
			isa = XCRemoteSwiftPackageReference;
			repositoryURL = "https://github.com/SDWebImage/SDWebImage";
			requirement = {
				kind = upToNextMajorVersion;
				minimumVersion = 5.0.0;
			};
		};
		BE1C3A0D28C7F84F0051785F /* XCRemoteSwiftPackageReference "Moya" */ = {
			isa = XCRemoteSwiftPackageReference;
			repositoryURL = "https://github.com/Moya/Moya";
			requirement = {
				branch = master;
				kind = branch;
			};
		};
/* End XCRemoteSwiftPackageReference section */

/* Begin XCSwiftPackageProductDependency section */
		BE1C39ED28C7C4270051785F /* RxCocoa */ = {
			isa = XCSwiftPackageProductDependency;
			package = BE1C39EC28C7C4270051785F /* XCRemoteSwiftPackageReference "RxSwift" */;
			productName = RxCocoa;
		};
		BE1C39EF28C7C4270051785F /* RxRelay */ = {
			isa = XCSwiftPackageProductDependency;
			package = BE1C39EC28C7C4270051785F /* XCRemoteSwiftPackageReference "RxSwift" */;
			productName = RxRelay;
		};
		BE1C39F128C7C4270051785F /* RxSwift */ = {
			isa = XCSwiftPackageProductDependency;
			package = BE1C39EC28C7C4270051785F /* XCRemoteSwiftPackageReference "RxSwift" */;
			productName = RxSwift;
		};
		BE1C39F728C7C5A70051785F /* SDWebImage */ = {
			isa = XCSwiftPackageProductDependency;
			package = BE1C39F628C7C5A70051785F /* XCRemoteSwiftPackageReference "SDWebImage" */;
			productName = SDWebImage;
		};
		BE1C3A0E28C7F8500051785F /* CombineMoya */ = {
			isa = XCSwiftPackageProductDependency;
			package = BE1C3A0D28C7F84F0051785F /* XCRemoteSwiftPackageReference "Moya" */;
			productName = CombineMoya;
		};
		BE1C3A1028C7F8500051785F /* Moya */ = {
			isa = XCSwiftPackageProductDependency;
			package = BE1C3A0D28C7F84F0051785F /* XCRemoteSwiftPackageReference "Moya" */;
			productName = Moya;
		};
		BE1C3A1228C7F8500051785F /* ReactiveMoya */ = {
			isa = XCSwiftPackageProductDependency;
			package = BE1C3A0D28C7F84F0051785F /* XCRemoteSwiftPackageReference "Moya" */;
			productName = ReactiveMoya;
		};
		BE1C3A1428C7F8500051785F /* RxMoya */ = {
			isa = XCSwiftPackageProductDependency;
			package = BE1C3A0D28C7F84F0051785F /* XCRemoteSwiftPackageReference "Moya" */;
			productName = RxMoya;
		};
/* End XCSwiftPackageProductDependency section */
	};
	rootObject = BE1C39CD28C7C34D0051785F /* Project object */;
}
